
Microsoft Visual Studio Solution File, Format Version 12.00
# Visual Studio Version 17
VisualStudioVersion = 17.4.33213.308
MinimumVisualStudioVersion = 10.0.40219.1
Project("{FAE04EC0-301F-11D3-BF4B-00C04F79EFBC}") = "AnimalInheritance", "AnimalInheritance\AnimalInheritance.csproj", "{1FCBF294-6C3E-4CC3-A187-76BA820ABC48}"
EndProject
Global
	GlobalSection(SolutionConfigurationPlatforms) = preSolution
		Debug|Any CPU = Debug|Any CPU
		Release|Any CPU = Release|Any CPU
	EndGlobalSection
	GlobalSection(ProjectConfigurationPlatforms) = postSolution
		{1FCBF294-6C3E-4CC3-A187-76BA820ABC48}.Debug|Any CPU.ActiveCfg = Debug|Any CPU
		{1FCBF294-6C3E-4CC3-A187-76BA820ABC48}.Debug|Any CPU.Build.0 = Debug|Any CPU
		{1FCBF294-6C3E-4CC3-A187-76BA820ABC48}.Release|Any CPU.ActiveCfg = Release|Any CPU
		{1FCBF294-6C3E-4CC3-A187-76BA820ABC48}.Release|Any CPU.Build.0 = Release|Any CPU
	EndGlobalSection
	GlobalSection(SolutionProperties) = preSolution
		HideSolutionNode = FALSE
	EndGlobalSection
	GlobalSection(ExtensibilityGlobals) = postSolution
		SolutionGuid = {F716CB74-D4CD-496A-A5B0-7367F4EADD93}
	EndGlobalSection
EndGlobal
